
Microsoft Visual Studio Solution File, Format Version 12.00
# Visual Studio Version 17
VisualStudioVersion = 17.5.002.0
MinimumVisualStudioVersion = 10.0.40219.1
Project("{2150E333-8FDC-42A3-9474-1A3956D46DE8}") = "src", "src", "{575178F7-0A91-41D6-B902-E2A0C685DA17}"
EndProject
Project("{9A19103F-16F7-4668-BE54-9A1E7A4F7556}") = "app", "src\app\app.csproj", "{46F2E2B9-056B-45FC-84DC-206C27DE5406}"
EndProject
Global
	GlobalSection(SolutionConfigurationPlatforms) = preSolution
		Debug|Any CPU = Debug|Any CPU
		Release|Any CPU = Release|Any CPU
	EndGlobalSection
	GlobalSection(ProjectConfigurationPlatforms) = postSolution
		{46F2E2B9-056B-45FC-84DC-206C27DE5406}.Debug|Any CPU.ActiveCfg = Debug|Any CPU
		{46F2E2B9-056B-45FC-84DC-206C27DE5406}.Debug|Any CPU.Build.0 = Debug|Any CPU
		{46F2E2B9-056B-45FC-84DC-206C27DE5406}.Release|Any CPU.ActiveCfg = Release|Any CPU
		{46F2E2B9-056B-45FC-84DC-206C27DE5406}.Release|Any CPU.Build.0 = Release|Any CPU
	EndGlobalSection
	GlobalSection(SolutionProperties) = preSolution
		HideSolutionNode = FALSE
	EndGlobalSection
	GlobalSection(NestedProjects) = preSolution
		{46F2E2B9-056B-45FC-84DC-206C27DE5406} = {575178F7-0A91-41D6-B902-E2A0C685DA17}
	EndGlobalSection
	GlobalSection(ExtensibilityGlobals) = postSolution
		SolutionGuid = {55969051-2DC2-4034-AC75-A64C45C34B5F}
	EndGlobalSection
EndGlobal
